// !$*UTF8*$!
{
	archiveVersion = 1;
	classes = {
	};
	objectVersion = 46;
	objects = {

/* Begin PBXBuildFile section */
		041E9CD62048A00C00B1B122 /* TU_Break.txt in Resources */ = {isa = PBXBuildFile; fileRef = 041E9CD52048A00C00B1B122 /* TU_Break.txt */; };
		042251A32028EACC004F1D54 /* AppDelegate.swift in Sources */ = {isa = PBXBuildFile; fileRef = 042251A22028EACC004F1D54 /* AppDelegate.swift */; };
		042251A82028EACC004F1D54 /* Main.storyboard in Resources */ = {isa = PBXBuildFile; fileRef = 042251A62028EACC004F1D54 /* Main.storyboard */; };
		042251AA2028EACC004F1D54 /* Assets.xcassets in Resources */ = {isa = PBXBuildFile; fileRef = 042251A92028EACC004F1D54 /* Assets.xcassets */; };
		042251AD2028EACC004F1D54 /* LaunchScreen.storyboard in Resources */ = {isa = PBXBuildFile; fileRef = 042251AB2028EACC004F1D54 /* LaunchScreen.storyboard */; };
		042251B52028EBC1004F1D54 /* BreakMenuTableViewController.swift in Sources */ = {isa = PBXBuildFile; fileRef = 042251B42028EBC1004F1D54 /* BreakMenuTableViewController.swift */; };
/* End PBXBuildFile section */

/* Begin PBXFileReference section */
		041E9CD52048A00C00B1B122 /* TU_Break.txt */ = {isa = PBXFileReference; fileEncoding = 4; lastKnownFileType = text; name = TU_Break.txt; path = ../../../TUTextFiles/TU_Break.txt; sourceTree = "<group>"; };
		0422519F2028EACC004F1D54 /* MenuAppTestSwift3.app */ = {isa = PBXFileReference; explicitFileType = wrapper.application; includeInIndex = 0; path = MenuAppTestSwift3.app; sourceTree = BUILT_PRODUCTS_DIR; };
		042251A22028EACC004F1D54 /* AppDelegate.swift */ = {isa = PBXFileReference; lastKnownFileType = sourcecode.swift; path = AppDelegate.swift; sourceTree = "<group>"; };
		042251A72028EACC004F1D54 /* Base */ = {isa = PBXFileReference; lastKnownFileType = file.storyboard; name = Base; path = Base.lproj/Main.storyboard; sourceTree = "<group>"; };
		042251A92028EACC004F1D54 /* Assets.xcassets */ = {isa = PBXFileReference; lastKnownFileType = folder.assetcatalog; path = Assets.xcassets; sourceTree = "<group>"; };
		042251AC2028EACC004F1D54 /* Base */ = {isa = PBXFileReference; lastKnownFileType = file.storyboard; name = Base; path = Base.lproj/LaunchScreen.storyboard; sourceTree = "<group>"; };
		042251AE2028EACC004F1D54 /* Info.plist */ = {isa = PBXFileReference; lastKnownFileType = text.plist.xml; path = Info.plist; sourceTree = "<group>"; };
		042251B42028EBC1004F1D54 /* BreakMenuTableViewController.swift */ = {isa = PBXFileReference; fileEncoding = 4; lastKnownFileType = sourcecode.swift; path = BreakMenuTableViewController.swift; sourceTree = "<group>"; };
/* End PBXFileReference section */

/* Begin PBXFrameworksBuildPhase section */
		0422519C2028EACC004F1D54 /* Frameworks */ = {
			isa = PBXFrameworksBuildPhase;
			buildActionMask = 2147483647;
			files = (
			);
			runOnlyForDeploymentPostprocessing = 0;
		};
/* End PBXFrameworksBuildPhase section */

/* Begin PBXGroup section */
		042251962028EACC004F1D54 = {
			isa = PBXGroup;
			children = (
				042251A12028EACC004F1D54 /* MenuAppTestSwift3 */,
				042251A02028EACC004F1D54 /* Products */,
			);
			sourceTree = "<group>";
		};
		042251A02028EACC004F1D54 /* Products */ = {
			isa = PBXGroup;
			children = (
				0422519F2028EACC004F1D54 /* MenuAppTestSwift3.app */,
			);
			name = Products;
			sourceTree = "<group>";
		};
		042251A12028EACC004F1D54 /* MenuAppTestSwift3 */ = {
			isa = PBXGroup;
			children = (
				041E9CD52048A00C00B1B122 /* TU_Break.txt */,
				042251A22028EACC004F1D54 /* AppDelegate.swift */,
				042251B42028EBC1004F1D54 /* BreakMenuTableViewController.swift */,
				042251A62028EACC004F1D54 /* Main.storyboard */,
				042251A92028EACC004F1D54 /* Assets.xcassets */,
				042251AB2028EACC004F1D54 /* LaunchScreen.storyboard */,
				042251AE2028EACC004F1D54 /* Info.plist */,
			);
			path = MenuAppTestSwift3;
			sourceTree = "<group>";
		};
/* End PBXGroup section */

/* Begin PBXNativeTarget section */
		0422519E2028EACC004F1D54 /* MenuAppTestSwift3 */ = {
			isa = PBXNativeTarget;
			buildConfigurationList = 042251B12028EACC004F1D54 /* Build configuration list for PBXNativeTarget "MenuAppTestSwift3" */;
			buildPhases = (
				0422519B2028EACC004F1D54 /* Sources */,
				0422519C2028EACC004F1D54 /* Frameworks */,
				0422519D2028EACC004F1D54 /* Resources */,
			);
			buildRules = (
			);
			dependencies = (
			);
			name = MenuAppTestSwift3;
			productName = MenuAppTestSwift3;
			productReference = 0422519F2028EACC004F1D54 /* MenuAppTestSwift3.app */;
			productType = "com.apple.product-type.application";
		};
/* End PBXNativeTarget section */

/* Begin PBXProject section */
		042251972028EACC004F1D54 /* Project object */ = {
			isa = PBXProject;
			attributes = {
				LastSwiftUpdateCheck = 0830;
				LastUpgradeCheck = 0830;
				ORGANIZATIONNAME = creid;
				TargetAttributes = {
					0422519E2028EACC004F1D54 = {
						CreatedOnToolsVersion = 8.3.3;
						ProvisioningStyle = Automatic;
					};
				};
			};
			buildConfigurationList = 0422519A2028EACC004F1D54 /* Build configuration list for PBXProject "MenuAppTestSwift3" */;
			compatibilityVersion = "Xcode 3.2";
			developmentRegion = English;
			hasScannedForEncodings = 0;
			knownRegions = (
				en,
				Base,
			);
			mainGroup = 042251962028EACC004F1D54;
			productRefGroup = 042251A02028EACC004F1D54 /* Products */;
			projectDirPath = "";
			projectRoot = "";
			targets = (
				0422519E2028EACC004F1D54 /* MenuAppTestSwift3 */,
			);
		};
/* End PBXProject section */

/* Begin PBXResourcesBuildPhase section */
		0422519D2028EACC004F1D54 /* Resources */ = {
			isa = PBXResourcesBuildPhase;
			buildActionMask = 2147483647;
			files = (
				042251AD2028EACC004F1D54 /* LaunchScreen.storyboard in Resources */,
				042251AA2028EACC004F1D54 /* Assets.xcassets in Resources */,
				042251A82028EACC004F1D54 /* Main.storyboard in Resources */,
				041E9CD62048A00C00B1B122 /* TU_Break.txt in Resources */,
			);
			runOnlyForDeploymentPostprocessing = 0;
		};
/* End PBXResourcesBuildPhase section */

/* Begin PBXSourcesBuildPhase section */
		0422519B2028EACC004F1D54 /* Sources */ = {
			isa = PBXSourcesBuildPhase;
			buildActionMask = 2147483647;
			files = (
				042251B52028EBC1004F1D54 /* BreakMenuTableViewController.swift in Sources */,
				042251A32028EACC004F1D54 /* AppDelegate.swift in Sources */,
			);
			runOnlyForDeploymentPostprocessing = 0;
		};
/* End PBXSourcesBuildPhase section */

/* Begin PBXVariantGroup section */
		042251A62028EACC004F1D54 /* Main.storyboard */ = {
			isa = PBXVariantGroup;
			children = (
				042251A72028EACC004F1D54 /* Base */,
			);
			name = Main.storyboard;
			sourceTree = "<group>";
		};
		042251AB2028EACC004F1D54 /* LaunchScreen.storyboard */ = {
			isa = PBXVariantGroup;
			children = (
				042251AC2028EACC004F1D54 /* Base */,
			);
			name = LaunchScreen.storyboard;
			sourceTree = "<group>";
		};
/* End PBXVariantGroup section */

/* Begin XCBuildConfiguration section */
		042251AF2028EACC004F1D54 /* Debug */ = {
			isa = XCBuildConfiguration;
			buildSettings = {
				ALWAYS_SEARCH_USER_PATHS = NO;
				CLANG_ANALYZER_NONNULL = YES;
				CLANG_ANALYZER_NUMBER_OBJECT_CONVERSION = YES_AGGRESSIVE;
				CLANG_CXX_LANGUAGE_STANDARD = "gnu++0x";
				CLANG_CXX_LIBRARY = "libc++";
				CLANG_ENABLE_MODULES = YES;
				CLANG_ENABLE_OBJC_ARC = YES;
				CLANG_WARN_BOOL_CONVERSION = YES;
				CLANG_WARN_CONSTANT_CONVERSION = YES;
				CLANG_WARN_DIRECT_OBJC_ISA_USAGE = YES_ERROR;
				CLANG_WARN_DOCUMENTATION_COMMENTS = YES;
				CLANG_WARN_EMPTY_BODY = YES;
				CLANG_WARN_ENUM_CONVERSION = YES;
				CLANG_WARN_INFINITE_RECURSION = YES;
				CLANG_WARN_INT_CONVERSION = YES;
				CLANG_WARN_OBJC_ROOT_CLASS = YES_ERROR;
				CLANG_WARN_SUSPICIOUS_MOVE = YES;
				CLANG_WARN_UNREACHABLE_CODE = YES;
				CLANG_WARN__DUPLICATE_METHOD_MATCH = YES;
				"CODE_SIGN_IDENTITY[sdk=iphoneos*]" = "iPhone Developer";
				COPY_PHASE_STRIP = NO;
				DEBUG_INFORMATION_FORMAT = dwarf;
				ENABLE_STRICT_OBJC_MSGSEND = YES;
				ENABLE_TESTABILITY = YES;
				GCC_C_LANGUAGE_STANDARD = gnu99;
				GCC_DYNAMIC_NO_PIC = NO;
				GCC_NO_COMMON_BLOCKS = YES;
				GCC_OPTIMIZATION_LEVEL = 0;
				GCC_PREPROCESSOR_DEFINITIONS = (
					"DEBUG=1",
					"$(inherited)",
				);
				GCC_WARN_64_TO_32_BIT_CONVERSION = YES;
				GCC_WARN_ABOUT_RETURN_TYPE = YES_ERROR;
				GCC_WARN_UNDECLARED_SELECTOR = YES;
				GCC_WARN_UNINITIALIZED_AUTOS = YES_AGGRESSIVE;
				GCC_WARN_UNUSED_FUNCTION = YES;
				GCC_WARN_UNUSED_VARIABLE = YES;
				IPHONEOS_DEPLOYMENT_TARGET = 10.3;
				MTL_ENABLE_DEBUG_INFO = YES;
				ONLY_ACTIVE_ARCH = YES;
				SDKROOT = iphoneos;
				SWIFT_ACTIVE_COMPILATION_CONDITIONS = DEBUG;
				SWIFT_OPTIMIZATION_LEVEL = "-Onone";
				TARGETED_DEVICE_FAMILY = "1,2";
			};
			name = Debug;
		};
		042251B02028EACC004F1D54 /* Release */ = {
			isa = XCBuildConfiguration;
			buildSettings = {
				ALWAYS_SEARCH_USER_PATHS = NO;
				CLANG_ANALYZER_NONNULL = YES;
				CLANG_ANALYZER_NUMBER_OBJECT_CONVERSION = YES_AGGRESSIVE;
				CLANG_CXX_LANGUAGE_STANDARD = "gnu++0x";
				CLANG_CXX_LIBRARY = "libc++";
				CLANG_ENABLE_MODULES = YES;
				CLANG_ENABLE_OBJC_ARC = YES;
				CLANG_WARN_BOOL_CONVERSION = YES;
				CLANG_WARN_CONSTANT_CONVERSION = YES;
				CLANG_WARN_DIRECT_OBJC_ISA_USAGE = YES_ERROR;
				CLANG_WARN_DOCUMENTATION_COMMENTS = YES;
				CLANG_WARN_EMPTY_BODY = YES;
				CLANG_WARN_ENUM_CONVERSION = YES;
				CLANG_WARN_INFINITE_RECURSION = YES;
				CLANG_WARN_INT_CONVERSION = YES;
				CLANG_WARN_OBJC_ROOT_CLASS = YES_ERROR;
				CLANG_WARN_SUSPICIOUS_MOVE = YES;
				CLANG_WARN_UNREACHABLE_CODE = YES;
				CLANG_WARN__DUPLICATE_METHOD_MATCH = YES;
				"CODE_SIGN_IDENTITY[sdk=iphoneos*]" = "iPhone Developer";
				COPY_PHASE_STRIP = NO;
				DEBUG_INFORMATION_FORMAT = "dwarf-with-dsym";
				ENABLE_NS_ASSERTIONS = NO;
				ENABLE_STRICT_OBJC_MSGSEND = YES;
				GCC_C_LANGUAGE_STANDARD = gnu99;
				GCC_NO_COMMON_BLOCKS = YES;
				GCC_WARN_64_TO_32_BIT_CONVERSION = YES;
				GCC_WARN_ABOUT_RETURN_TYPE = YES_ERROR;
				GCC_WARN_UNDECLARED_SELECTOR = YES;
				GCC_WARN_UNINITIALIZED_AUTOS = YES_AGGRESSIVE;
				GCC_WARN_UNUSED_FUNCTION = YES;
				GCC_WARN_UNUSED_VARIABLE = YES;
				IPHONEOS_DEPLOYMENT_TARGET = 10.3;
				MTL_ENABLE_DEBUG_INFO = NO;
				SDKROOT = iphoneos;
				SWIFT_OPTIMIZATION_LEVEL = "-Owholemodule";
				TARGETED_DEVICE_FAMILY = "1,2";
				VALIDATE_PRODUCT = YES;
			};
			name = Release;
		};
		042251B22028EACC004F1D54 /* Debug */ = {
			isa = XCBuildConfiguration;
			buildSettings = {
				ASSETCATALOG_COMPILER_APPICON_NAME = AppIcon;
				INFOPLIST_FILE = MenuAppTestSwift3/Info.plist;
				LD_RUNPATH_SEARCH_PATHS = "$(inherited) @executable_path/Frameworks";
				PRODUCT_BUNDLE_IDENTIFIER = com.creid.MenuAppTestSwift3;
				PRODUCT_NAME = "$(TARGET_NAME)";
				SWIFT_VERSION = 3.0;
			};
			name = Debug;
		};
		042251B32028EACC004F1D54 /* Release */ = {
			isa = XCBuildConfiguration;
			buildSettings = {
				ASSETCATALOG_COMPILER_APPICON_NAME = AppIcon;
				INFOPLIST_FILE = MenuAppTestSwift3/Info.plist;
				LD_RUNPATH_SEARCH_PATHS = "$(inherited) @executable_path/Frameworks";
				PRODUCT_BUNDLE_IDENTIFIER = com.creid.MenuAppTestSwift3;
				PRODUCT_NAME = "$(TARGET_NAME)";
				SWIFT_VERSION = 3.0;
			};
			name = Release;
		};
/* End XCBuildConfiguration section */

/* Begin XCConfigurationList section */
		0422519A2028EACC004F1D54 /* Build configuration list for PBXProject "MenuAppTestSwift3" */ = {
			isa = XCConfigurationList;
			buildConfigurations = (
				042251AF2028EACC004F1D54 /* Debug */,
				042251B02028EACC004F1D54 /* Release */,
			);
			defaultConfigurationIsVisible = 0;
			defaultConfigurationName = Release;
		};
		042251B12028EACC004F1D54 /* Build configuration list for PBXNativeTarget "MenuAppTestSwift3" */ = {
			isa = XCConfigurationList;
			buildConfigurations = (
				042251B22028EACC004F1D54 /* Debug */,
				042251B32028EACC004F1D54 /* Release */,
			);
			defaultConfigurationIsVisible = 0;
			defaultConfigurationName = Release;
		};
/* End XCConfigurationList section */
	};
	rootObject = 042251972028EACC004F1D54 /* Project object */;
}
